
Microsoft Visual Studio Solution File, Format Version 12.00
# Visual Studio Version 16
VisualStudioVersion = 16.0.30611.23
MinimumVisualStudioVersion = 10.0.40219.1
Project("{FAE04EC0-301F-11D3-BF4B-00C04F79EFBC}") = "Smartphones", "Smartphones\Smartphones.csproj", "{C9C8DC27-0FC5-456B-8E42-EFE8C877907E}"
EndProject
Project("{FAE04EC0-301F-11D3-BF4B-00C04F79EFBC}") = "SmartphonesFactory", "SmartphonesFabric\SmartphonesFactory.csproj", "{974885B3-19F9-4545-ADE5-6BB3A5336B54}"
EndProject
Global
	GlobalSection(SolutionConfigurationPlatforms) = preSolution
		Debug|Any CPU = Debug|Any CPU
		Release|Any CPU = Release|Any CPU
	EndGlobalSection
	GlobalSection(ProjectConfigurationPlatforms) = postSolution
		{C9C8DC27-0FC5-456B-8E42-EFE8C877907E}.Debug|Any CPU.ActiveCfg = Debug|Any CPU
		{C9C8DC27-0FC5-456B-8E42-EFE8C877907E}.Debug|Any CPU.Build.0 = Debug|Any CPU
		{C9C8DC27-0FC5-456B-8E42-EFE8C877907E}.Release|Any CPU.ActiveCfg = Release|Any CPU
		{C9C8DC27-0FC5-456B-8E42-EFE8C877907E}.Release|Any CPU.Build.0 = Release|Any CPU
		{974885B3-19F9-4545-ADE5-6BB3A5336B54}.Debug|Any CPU.ActiveCfg = Debug|Any CPU
		{974885B3-19F9-4545-ADE5-6BB3A5336B54}.Debug|Any CPU.Build.0 = Debug|Any CPU
		{974885B3-19F9-4545-ADE5-6BB3A5336B54}.Release|Any CPU.ActiveCfg = Release|Any CPU
		{974885B3-19F9-4545-ADE5-6BB3A5336B54}.Release|Any CPU.Build.0 = Release|Any CPU
	EndGlobalSection
	GlobalSection(SolutionProperties) = preSolution
		HideSolutionNode = FALSE
	EndGlobalSection
	GlobalSection(ExtensibilityGlobals) = postSolution
		SolutionGuid = {64183B48-7790-47D0-9097-64EB89DB6536}
	EndGlobalSection
EndGlobal
